<?xml version="1.0" encoding="utf-8"?>
<Project ToolsVersion="4.0" xmlns="http://schemas.microsoft.com/developer/msbuild/2003">
  <ItemGroup>
    <ClInclude Include="$(MSBuildThisFileDirectory)M2.SDK.h" />
    <ClInclude Include="$(MSBuildThisFileDirectory)M2.NSudo.h" />
    <ClInclude Include="$(MSBuildThisFileDirectory)M2.Base.h" />
    <ClInclude Include="$(MSBuildThisFileDirectory)M2.Windows.h" />
  </ItemGroup>
  <ItemGroup>
    <Text Include="$(MSBuildThisFileDirectory)License.txt" />
    <Text Include="$(MSBuildThisFileDirectory)Changelog.txt" />
    <Text Include="$(MSBuildThisFileDirectory)Readme.txt" />
  </ItemGroup>
  <ItemGroup>
    <Filter Include="M2.Windows">
      <UniqueIdentifier>{c59983b0-c9c0-42a8-af7c-4abc8b8474ca}</UniqueIdentifier>
    </Filter>
    <Filter Include="M2.Base">
      <UniqueIdentifier>{b6e89385-c75d-4fd0-84ed-a85faa670a91}</UniqueIdentifier>
    </Filter>
  </ItemGroup>
  <ItemGroup>
    <None Include="$(MSBuildThisFileDirectory)M2.Windows.PHNTPermission.msg" />
  </ItemGroup>
  <ItemGroup>
    <ClCompile Include="$(MSBuildThisFileDirectory)M2.Base.cpp" />
  </ItemGroup>
</Project>