<?xml version="1.0" encoding="utf-8"?>
<Project ToolsVersion="4.0" xmlns="http://schemas.microsoft.com/developer/msbuild/2003">
  <ItemGroup>
    <Filter Include="M2.Windows">
      <UniqueIdentifier>{2475c107-a5bf-4eb5-b400-fd98d9b53ab1}</UniqueIdentifier>
    </Filter>
    <Filter Include="M2.Base">
      <UniqueIdentifier>{e5013b7e-9106-486b-8c13-b89b0fc8789e}</UniqueIdentifier>
    </Filter>
    <Filter Include="M2.NSudo">
      <UniqueIdentifier>{78aed12b-59ed-47ed-8a9a-0b3d7723e508}</UniqueIdentifier>
    </Filter>
  </ItemGroup>
  <ItemGroup>
    <ClInclude Include="$(MSBuildThisFileDirectory)M2.Windows.h">
      <Filter>M2.Windows</Filter>
    </ClInclude>
    <ClInclude Include="$(MSBuildThisFileDirectory)M2.Base.h">
      <Filter>M2.Base</Filter>
    </ClInclude>
    <ClInclude Include="$(MSBuildThisFileDirectory)M2.NSudo.h">
      <Filter>M2.NSudo</Filter>
    </ClInclude>
    <ClInclude Include="$(MSBuildThisFileDirectory)M2.SDK.h" />
  </ItemGroup>
  <ItemGroup>
    <None Include="$(MSBuildThisFileDirectory)M2.Windows.PHNTPermission.msg">
      <Filter>M2.Windows</Filter>
    </None>
  </ItemGroup>
  <ItemGroup>
    <ClCompile Include="$(MSBuildThisFileDirectory)M2.Base.cpp">
      <Filter>M2.Base</Filter>
    </ClCompile>
  </ItemGroup>
  <ItemGroup>
    <Text Include="$(MSBuildThisFileDirectory)Changelog.txt" />
    <Text Include="$(MSBuildThisFileDirectory)License.txt" />
    <Text Include="$(MSBuildThisFileDirectory)Readme.txt" />
  </ItemGroup>
</Project>