
Microsoft Visual Studio Solution File, Format Version 12.00
# Visual Studio 15
VisualStudioVersion = 15.0.28307.329
MinimumVisualStudioVersion = 10.0.40219.1
Project("{8BC9CEB8-8B4A-11D0-8D11-00A0C91BC942}") = "M2TeamCommonLibrary", "M2TeamCommonLibrary\M2TeamCommonLibrary.vcxitems", "{956CAD19-1F11-4656-8664-6837AA67CD87}"
EndProject
Project("{2150E333-8FDC-42A3-9474-1A3956D46DE8}") = "Documents", "Documents", "{AF6177FD-314C-44B4-A3D0-552F08FD3545}"
	ProjectSection(SolutionItems) = preProject
		LICENSE = LICENSE
	EndProjectSection
EndProject
Global
	GlobalSection(SolutionProperties) = preSolution
		HideSolutionNode = FALSE
	EndGlobalSection
	GlobalSection(ExtensibilityGlobals) = postSolution
		SolutionGuid = {0FF7B3A9-96BE-4CEF-BB1A-104BBE844B1D}
	EndGlobalSection
EndGlobal
