<?xml version="1.0" encoding="utf-8"?>
<Project ToolsVersion="4.0" xmlns="http://schemas.microsoft.com/developer/msbuild/2003">
  <ItemGroup>
    <Filter Include="M2Win32GUIHelpers">
      <UniqueIdentifier>{c3376011-3a37-453f-8b61-e247c38d599a}</UniqueIdentifier>
    </Filter>
    <Filter Include="MINT">
      <UniqueIdentifier>{78390f38-88c8-4b68-8465-c8bab293c8a9}</UniqueIdentifier>
    </Filter>
    <Filter Include="LegacyImplementations">
      <UniqueIdentifier>{3591d6a3-24d5-4139-a102-8b037e3e6ad9}</UniqueIdentifier>
    </Filter>
    <Filter Include="M2WindowsHelpers">
      <UniqueIdentifier>{3c38a529-bf06-4caa-bd26-27c27c375f63}</UniqueIdentifier>
    </Filter>
  </ItemGroup>
  <ItemGroup>
    <ClCompile Include="$(MSBuildThisFileDirectory)M2Win32GUIHelpers.cpp">
      <Filter>M2Win32GUIHelpers</Filter>
    </ClCompile>
    <ClCompile Include="$(MSBuildThisFileDirectory)M2.Base.cpp">
      <Filter>LegacyImplementations</Filter>
    </ClCompile>
    <ClCompile Include="$(MSBuildThisFileDirectory)M2WindowsHelpers.cpp">
      <Filter>M2WindowsHelpers</Filter>
    </ClCompile>
  </ItemGroup>
  <ItemGroup>
    <ClInclude Include="$(MSBuildThisFileDirectory)M2MessageDialogResource.h">
      <Filter>M2Win32GUIHelpers</Filter>
    </ClInclude>
    <ClInclude Include="$(MSBuildThisFileDirectory)M2Win32GUIHelpers.h">
      <Filter>M2Win32GUIHelpers</Filter>
    </ClInclude>
    <ClInclude Include="$(MSBuildThisFileDirectory)MINT.h">
      <Filter>MINT</Filter>
    </ClInclude>
    <ClInclude Include="$(MSBuildThisFileDirectory)M2.Base.h">
      <Filter>LegacyImplementations</Filter>
    </ClInclude>
    <ClInclude Include="$(MSBuildThisFileDirectory)M2.NSudo.h">
      <Filter>LegacyImplementations</Filter>
    </ClInclude>
    <ClInclude Include="$(MSBuildThisFileDirectory)M2.SDK.h">
      <Filter>LegacyImplementations</Filter>
    </ClInclude>
    <ClInclude Include="$(MSBuildThisFileDirectory)M2WindowsHelpers.h">
      <Filter>M2WindowsHelpers</Filter>
    </ClInclude>
  </ItemGroup>
  <ItemGroup>
    <ResourceCompile Include="$(MSBuildThisFileDirectory)M2MessageDialogResource.rc">
      <Filter>M2Win32GUIHelpers</Filter>
    </ResourceCompile>
  </ItemGroup>
</Project>